
Microsoft Visual Studio Solution File, Format Version 12.00
# Visual Studio Version 17
VisualStudioVersion = 17.14.36408.4
MinimumVisualStudioVersion = 10.0.40219.1
Project("{FAE04EC0-301F-11D3-BF4B-00C04F79EFBC}") = "Agendamiento", "Agendamiento\Agendamiento.csproj", "{2AF54CFD-6D3C-4DFA-BFB7-84DFAD53D5E1}"
EndProject
Project("{FAE04EC0-301F-11D3-BF4B-00C04F79EFBC}") = "AgendamientoGestion.Entidades", "AgendamientoGestion.Entidades\AgendamientoGestion.Entidades.csproj", "{8495BD0A-A031-44B6-808F-8ECB73FF331B}"
EndProject
Project("{FAE04EC0-301F-11D3-BF4B-00C04F79EFBC}") = "AgendamientoGestion.Logica", "AgendamientoGestion.Logica\AgendamientoGestion.Logica.csproj", "{A7E44AA4-EF21-4A95-863F-8C1BD7D7FCD8}"
EndProject
Project("{FAE04EC0-301F-11D3-BF4B-00C04F79EFBC}") = "AgendamientoGestion.Persistencia", "AgendamientoGestion.Persistencia\AgendamientoGestion.Persistencia.csproj", "{826B8249-CCE3-44F0-AB58-CEA0E3C12001}"
EndProject
Global
	GlobalSection(SolutionConfigurationPlatforms) = preSolution
		Debug|Any CPU = Debug|Any CPU
		Release|Any CPU = Release|Any CPU
	EndGlobalSection
	GlobalSection(ProjectConfigurationPlatforms) = postSolution
		{2AF54CFD-6D3C-4DFA-BFB7-84DFAD53D5E1}.Debug|Any CPU.ActiveCfg = Debug|Any CPU
		{2AF54CFD-6D3C-4DFA-BFB7-84DFAD53D5E1}.Debug|Any CPU.Build.0 = Debug|Any CPU
		{2AF54CFD-6D3C-4DFA-BFB7-84DFAD53D5E1}.Release|Any CPU.ActiveCfg = Release|Any CPU
		{2AF54CFD-6D3C-4DFA-BFB7-84DFAD53D5E1}.Release|Any CPU.Build.0 = Release|Any CPU
		{8495BD0A-A031-44B6-808F-8ECB73FF331B}.Debug|Any CPU.ActiveCfg = Debug|Any CPU
		{8495BD0A-A031-44B6-808F-8ECB73FF331B}.Debug|Any CPU.Build.0 = Debug|Any CPU
		{8495BD0A-A031-44B6-808F-8ECB73FF331B}.Release|Any CPU.ActiveCfg = Release|Any CPU
		{8495BD0A-A031-44B6-808F-8ECB73FF331B}.Release|Any CPU.Build.0 = Release|Any CPU
		{A7E44AA4-EF21-4A95-863F-8C1BD7D7FCD8}.Debug|Any CPU.ActiveCfg = Debug|Any CPU
		{A7E44AA4-EF21-4A95-863F-8C1BD7D7FCD8}.Debug|Any CPU.Build.0 = Debug|Any CPU
		{A7E44AA4-EF21-4A95-863F-8C1BD7D7FCD8}.Release|Any CPU.ActiveCfg = Release|Any CPU
		{A7E44AA4-EF21-4A95-863F-8C1BD7D7FCD8}.Release|Any CPU.Build.0 = Release|Any CPU
		{826B8249-CCE3-44F0-AB58-CEA0E3C12001}.Debug|Any CPU.ActiveCfg = Debug|Any CPU
		{826B8249-CCE3-44F0-AB58-CEA0E3C12001}.Debug|Any CPU.Build.0 = Debug|Any CPU
		{826B8249-CCE3-44F0-AB58-CEA0E3C12001}.Release|Any CPU.ActiveCfg = Release|Any CPU
		{826B8249-CCE3-44F0-AB58-CEA0E3C12001}.Release|Any CPU.Build.0 = Release|Any CPU
	EndGlobalSection
	GlobalSection(SolutionProperties) = preSolution
		HideSolutionNode = FALSE
	EndGlobalSection
	GlobalSection(ExtensibilityGlobals) = postSolution
		SolutionGuid = {8F4D3932-550B-4DC3-9E5A-F621A070E6E3}
	EndGlobalSection
EndGlobal
